{
  "lockfile-version": 1,
  "manifest": {
    "version": 1,
    "install": {
      "go": {
        "pkg-path": "go",
        "version": "^1.23"
      },
      "nodejs": {
        "pkg-path": "nodejs"
      },
      "pnpm": {
        "pkg-path": "pnpm"
      }
    },
    "hook": {
      "on-activate": "  # Autogenerated by Flox\n\n  # Point GOENV to Flox environment cache\n  export GOENV=\"$FLOX_ENV_CACHE/goenv\"\n\n  # Install Go dependencies\n  go get .\n\n  # End autogenerated by Flox\n"
    },
    "profile": {},
    "options": {
      "systems": [
        "aarch64-darwin",
        "aarch64-linux",
        "x86_64-darwin",
        "x86_64-linux"
      ],
      "allow": {
        "licenses": []
      },
      "semver": {}
    }
  },
  "packages": [
    {
      "attr_path": "go",
      "broken": false,
      "derivation": "/nix/store/3rx89v4m5zawcv75zf4hvgixwpqqig5v-go-1.23.6.drv",
      "description": "Go Programming language",
      "install_id": "go",
      "license": "BSD-3-Clause",
      "locked_url": "https://github.com/flox/nixpkgs?rev=ba487dbc9d04e0634c64e3b1f0d25839a0a68246",
      "name": "go-1.23.6",
      "pname": "go",
      "rev": "ba487dbc9d04e0634c64e3b1f0d25839a0a68246",
      "rev_count": 762036,
      "rev_date": "2025-03-03T13:57:36Z",
      "scrape_date": "2025-03-04T00:30:58Z",
      "stabilities": [
        "unstable"
      ],
      "unfree": false,
      "version": "1.23.6",
      "outputs_to_install": [
        "out"
      ],
      "outputs": {
        "out": "/nix/store/yjqrp3d93mxa2g80j57whyk55xwxgl7r-go-1.23.6"
      },
      "system": "aarch64-darwin",
      "group": "toplevel",
      "priority": 5
    },
    {
      "attr_path": "go",
      "broken": false,
      "derivation": "/nix/store/nr1f8hf0p4xfj8d492fzpsbglm1c5hqc-go-1.23.6.drv",
      "description": "Go Programming language",
      "install_id": "go",
      "license": "BSD-3-Clause",
      "locked_url": "https://github.com/flox/nixpkgs?rev=ba487dbc9d04e0634c64e3b1f0d25839a0a68246",
      "name": "go-1.23.6",
      "pname": "go",
      "rev": "ba487dbc9d04e0634c64e3b1f0d25839a0a68246",
      "rev_count": 762036,
      "rev_date": "2025-03-03T13:57:36Z",
      "scrape_date": "2025-03-04T00:30:58Z",
      "stabilities": [
        "unstable"
      ],
      "unfree": false,
      "version": "1.23.6",
      "outputs_to_install": [
        "out"
      ],
      "outputs": {
        "out": "/nix/store/8998mrpahiciqy699yxfwaw29r89pfrm-go-1.23.6"
      },
      "system": "aarch64-linux",
      "group": "toplevel",
      "priority": 5
    },
    {
      "attr_path": "go",
      "broken": false,
      "derivation": "/nix/store/k2jg2hxgd41cj1vh4pvg1zviywh7vmnh-go-1.23.6.drv",
      "description": "Go Programming language",
      "install_id": "go",
      "license": "BSD-3-Clause",
      "locked_url": "https://github.com/flox/nixpkgs?rev=ba487dbc9d04e0634c64e3b1f0d25839a0a68246",
      "name": "go-1.23.6",
      "pname": "go",
      "rev": "ba487dbc9d04e0634c64e3b1f0d25839a0a68246",
      "rev_count": 762036,
      "rev_date": "2025-03-03T13:57:36Z",
      "scrape_date": "2025-03-04T00:30:58Z",
      "stabilities": [
        "unstable"
      ],
      "unfree": false,
      "version": "1.23.6",
      "outputs_to_install": [
        "out"
      ],
      "outputs": {
        "out": "/nix/store/65s6ymzbxsydbka49gr3jsv0lnybbzyc-go-1.23.6"
      },
      "system": "x86_64-darwin",
      "group": "toplevel",
      "priority": 5
    },
    {
      "attr_path": "go",
      "broken": false,
      "derivation": "/nix/store/h8r2axj3z8fdb367cmrb044jw2s75ffs-go-1.23.6.drv",
      "description": "Go Programming language",
      "install_id": "go",
      "license": "BSD-3-Clause",
      "locked_url": "https://github.com/flox/nixpkgs?rev=ba487dbc9d04e0634c64e3b1f0d25839a0a68246",
      "name": "go-1.23.6",
      "pname": "go",
      "rev": "ba487dbc9d04e0634c64e3b1f0d25839a0a68246",
      "rev_count": 762036,
      "rev_date": "2025-03-03T13:57:36Z",
      "scrape_date": "2025-03-04T00:30:58Z",
      "stabilities": [
        "unstable"
      ],
      "unfree": false,
      "version": "1.23.6",
      "outputs_to_install": [
        "out"
      ],
      "outputs": {
        "out": "/nix/store/8zgc91q1igzgmg36mglxrk8qa1r2dvsd-go-1.23.6"
      },
      "system": "x86_64-linux",
      "group": "toplevel",
      "priority": 5
    },
    {
      "attr_path": "nodejs",
      "broken": false,
      "derivation": "/nix/store/nl4c43rbyv6mvb0a0y7p36wi928g1gib-nodejs-22.14.0.drv",
      "description": "Event-driven I/O framework for the V8 JavaScript engine",
      "install_id": "nodejs",
      "license": "MIT",
      "locked_url": "https://github.com/flox/nixpkgs?rev=ba487dbc9d04e0634c64e3b1f0d25839a0a68246",
      "name": "nodejs-22.14.0",
      "pname": "nodejs",
      "rev": "ba487dbc9d04e0634c64e3b1f0d25839a0a68246",
      "rev_count": 762036,
      "rev_date": "2025-03-03T13:57:36Z",
      "scrape_date": "2025-03-04T00:30:58Z",
      "stabilities": [
        "unstable"
      ],
      "unfree": false,
      "version": "22.14.0",
      "outputs_to_install": [
        "out"
      ],
      "outputs": {
        "libv8": "/nix/store/slffbl0q14qc93dslaynyzh005rd869s-nodejs-22.14.0-libv8",
        "out": "/nix/store/91y8h7rysgi5cl8hsj2bmjd00dq2l9pk-nodejs-22.14.0"
      },
      "system": "aarch64-darwin",
      "group": "toplevel",
      "priority": 5
    },
    {
      "attr_path": "nodejs",
      "broken": false,
      "derivation": "/nix/store/hh2siwhf3zxqnfgqa55kls2fz3v37l27-nodejs-22.14.0.drv",
      "description": "Event-driven I/O framework for the V8 JavaScript engine",
      "install_id": "nodejs",
      "license": "MIT",
      "locked_url": "https://github.com/flox/nixpkgs?rev=ba487dbc9d04e0634c64e3b1f0d25839a0a68246",
      "name": "nodejs-22.14.0",
      "pname": "nodejs",
      "rev": "ba487dbc9d04e0634c64e3b1f0d25839a0a68246",
      "rev_count": 762036,
      "rev_date": "2025-03-03T13:57:36Z",
      "scrape_date": "2025-03-04T00:30:58Z",
      "stabilities": [
        "unstable"
      ],
      "unfree": false,
      "version": "22.14.0",
      "outputs_to_install": [
        "out"
      ],
      "outputs": {
        "libv8": "/nix/store/zb1ly8w6vdw2pjxwkbm3vymyfxyy7af8-nodejs-22.14.0-libv8",
        "out": "/nix/store/ji8zs96759g59b4q6kz94pbfq6gvlazx-nodejs-22.14.0"
      },
      "system": "aarch64-linux",
      "group": "toplevel",
      "priority": 5
    },
    {
      "attr_path": "nodejs",
      "broken": false,
      "derivation": "/nix/store/ikl0p2wi3gvzp55kxjjqwj63msl6pnlf-nodejs-22.14.0.drv",
      "description": "Event-driven I/O framework for the V8 JavaScript engine",
      "install_id": "nodejs",
      "license": "MIT",
      "locked_url": "https://github.com/flox/nixpkgs?rev=ba487dbc9d04e0634c64e3b1f0d25839a0a68246",
      "name": "nodejs-22.14.0",
      "pname": "nodejs",
      "rev": "ba487dbc9d04e0634c64e3b1f0d25839a0a68246",
      "rev_count": 762036,
      "rev_date": "2025-03-03T13:57:36Z",
      "scrape_date": "2025-03-04T00:30:58Z",
      "stabilities": [
        "unstable"
      ],
      "unfree": false,
      "version": "22.14.0",
      "outputs_to_install": [
        "out"
      ],
      "outputs": {
        "libv8": "/nix/store/24z3qqnvs154idkbbbpjd55m11clidad-nodejs-22.14.0-libv8",
        "out": "/nix/store/067kj1aav6z9jhqbkyapjwjjrgl38ihs-nodejs-22.14.0"
      },
      "system": "x86_64-darwin",
      "group": "toplevel",
      "priority": 5
    },
    {
      "attr_path": "nodejs",
      "broken": false,
      "derivation": "/nix/store/ylk0rgvzaj618qj0g00cwm5909hp71f0-nodejs-22.14.0.drv",
      "description": "Event-driven I/O framework for the V8 JavaScript engine",
      "install_id": "nodejs",
      "license": "MIT",
      "locked_url": "https://github.com/flox/nixpkgs?rev=ba487dbc9d04e0634c64e3b1f0d25839a0a68246",
      "name": "nodejs-22.14.0",
      "pname": "nodejs",
      "rev": "ba487dbc9d04e0634c64e3b1f0d25839a0a68246",
      "rev_count": 762036,
      "rev_date": "2025-03-03T13:57:36Z",
      "scrape_date": "2025-03-04T00:30:58Z",
      "stabilities": [
        "unstable"
      ],
      "unfree": false,
      "version": "22.14.0",
      "outputs_to_install": [
        "out"
      ],
      "outputs": {
        "libv8": "/nix/store/3ympkr1v1z4r3vfyc6ikhx1chq5g464l-nodejs-22.14.0-libv8",
        "out": "/nix/store/7l1wra7b87yci5dln0hm0k8rwww6f2xj-nodejs-22.14.0"
      },
      "system": "x86_64-linux",
      "group": "toplevel",
      "priority": 5
    },
    {
      "attr_path": "pnpm",
      "broken": false,
      "derivation": "/nix/store/a2avz1wvjdv59k1zd53azhl91ph0c5zr-pnpm-10.5.2.drv",
      "description": "Fast, disk space efficient package manager for JavaScript",
      "install_id": "pnpm",
      "license": "MIT",
      "locked_url": "https://github.com/flox/nixpkgs?rev=ba487dbc9d04e0634c64e3b1f0d25839a0a68246",
      "name": "pnpm-10.5.2",
      "pname": "pnpm",
      "rev": "ba487dbc9d04e0634c64e3b1f0d25839a0a68246",
      "rev_count": 762036,
      "rev_date": "2025-03-03T13:57:36Z",
      "scrape_date": "2025-03-04T00:30:58Z",
      "stabilities": [
        "unstable"
      ],
      "unfree": false,
      "version": "10.5.2",
      "outputs_to_install": [
        "out"
      ],
      "outputs": {
        "out": "/nix/store/4am7jn4i2zdbavf5wsvrnrch2g281clm-pnpm-10.5.2"
      },
      "system": "aarch64-darwin",
      "group": "toplevel",
      "priority": 5
    },
    {
      "attr_path": "pnpm",
      "broken": false,
      "derivation": "/nix/store/6lh2fisgm6f6zn3blag3zgjd8mydbgv4-pnpm-10.5.2.drv",
      "description": "Fast, disk space efficient package manager for JavaScript",
      "install_id": "pnpm",
      "license": "MIT",
      "locked_url": "https://github.com/flox/nixpkgs?rev=ba487dbc9d04e0634c64e3b1f0d25839a0a68246",
      "name": "pnpm-10.5.2",
      "pname": "pnpm",
      "rev": "ba487dbc9d04e0634c64e3b1f0d25839a0a68246",
      "rev_count": 762036,
      "rev_date": "2025-03-03T13:57:36Z",
      "scrape_date": "2025-03-04T00:30:58Z",
      "stabilities": [
        "unstable"
      ],
      "unfree": false,
      "version": "10.5.2",
      "outputs_to_install": [
        "out"
      ],
      "outputs": {
        "out": "/nix/store/czsnfk0q4kwinyyfknbvqj1nk65dxxhz-pnpm-10.5.2"
      },
      "system": "aarch64-linux",
      "group": "toplevel",
      "priority": 5
    },
    {
      "attr_path": "pnpm",
      "broken": false,
      "derivation": "/nix/store/b6jkwj4w27sqdnc6kb81db3gf3118zwf-pnpm-10.5.2.drv",
      "description": "Fast, disk space efficient package manager for JavaScript",
      "install_id": "pnpm",
      "license": "MIT",
      "locked_url": "https://github.com/flox/nixpkgs?rev=ba487dbc9d04e0634c64e3b1f0d25839a0a68246",
      "name": "pnpm-10.5.2",
      "pname": "pnpm",
      "rev": "ba487dbc9d04e0634c64e3b1f0d25839a0a68246",
      "rev_count": 762036,
      "rev_date": "2025-03-03T13:57:36Z",
      "scrape_date": "2025-03-04T00:30:58Z",
      "stabilities": [
        "unstable"
      ],
      "unfree": false,
      "version": "10.5.2",
      "outputs_to_install": [
        "out"
      ],
      "outputs": {
        "out": "/nix/store/3niwypwhxnry5awvq5j0vplqrx568l66-pnpm-10.5.2"
      },
      "system": "x86_64-darwin",
      "group": "toplevel",
      "priority": 5
    },
    {
      "attr_path": "pnpm",
      "broken": false,
      "derivation": "/nix/store/vgqcpkx0m21bba80vbja16hzh2qhicyb-pnpm-10.5.2.drv",
      "description": "Fast, disk space efficient package manager for JavaScript",
      "install_id": "pnpm",
      "license": "MIT",
      "locked_url": "https://github.com/flox/nixpkgs?rev=ba487dbc9d04e0634c64e3b1f0d25839a0a68246",
      "name": "pnpm-10.5.2",
      "pname": "pnpm",
      "rev": "ba487dbc9d04e0634c64e3b1f0d25839a0a68246",
      "rev_count": 762036,
      "rev_date": "2025-03-03T13:57:36Z",
      "scrape_date": "2025-03-04T00:30:58Z",
      "stabilities": [
        "unstable"
      ],
      "unfree": false,
      "version": "10.5.2",
      "outputs_to_install": [
        "out"
      ],
      "outputs": {
        "out": "/nix/store/1zbxqw7ahsnpqd2kkwfmh6j3wrh7wp24-pnpm-10.5.2"
      },
      "system": "x86_64-linux",
      "group": "toplevel",
      "priority": 5
    }
  ]
}